
Microsoft Visual Studio Solution File, Format Version 12.00
# Visual Studio Version 17
VisualStudioVersion = 17.9.34723.18
MinimumVisualStudioVersion = 10.0.40219.1
Project("{9A19103F-16F7-4668-BE54-9A1E7A4F7556}") = "GTechFlasher", "GTechFlasher.csproj", "{2BDA6E69-E7C2-4C43-B49B-35DBA9D66505}"
EndProject
Global
	GlobalSection(SolutionConfigurationPlatforms) = preSolution
		Debug|Any CPU = Debug|Any CPU
		Release|Any CPU = Release|Any CPU
	EndGlobalSection
	GlobalSection(ProjectConfigurationPlatforms) = postSolution
		{2BDA6E69-E7C2-4C43-B49B-35DBA9D66505}.Debug|Any CPU.ActiveCfg = Release|Any CPU
		{2BDA6E69-E7C2-4C43-B49B-35DBA9D66505}.Debug|Any CPU.Build.0 = Release|Any CPU
		{2BDA6E69-E7C2-4C43-B49B-35DBA9D66505}.Release|Any CPU.ActiveCfg = Release|Any CPU
		{2BDA6E69-E7C2-4C43-B49B-35DBA9D66505}.Release|Any CPU.Build.0 = Release|Any CPU
	EndGlobalSection
	GlobalSection(SolutionProperties) = preSolution
		HideSolutionNode = FALSE
	EndGlobalSection
	GlobalSection(ExtensibilityGlobals) = postSolution
		SolutionGuid = {2CF2D259-F7AA-43B6-BE1B-D16633AF22A8}
	EndGlobalSection
EndGlobal
